
Microsoft Visual Studio Solution File, Format Version 12.00
# Visual Studio Version 17
VisualStudioVersion = 17.5.33530.505
MinimumVisualStudioVersion = 10.0.40219.1
Project("{FAE04EC0-301F-11D3-BF4B-00C04F79EFBC}") = "NetworkProgramming_ServerUDP", "NetworkProgramming_ServerUDP\NetworkProgramming_ServerUDP.csproj", "{43358883-E243-4C34-9C89-A488EB8A4CD3}"
EndProject
Project("{FAE04EC0-301F-11D3-BF4B-00C04F79EFBC}") = "NetworkProgramming_ClientUDP", "NetworkProgramming_ClientUDP\NetworkProgramming_ClientUDP.csproj", "{70BB7D90-0BAF-448E-8C36-D57E24658E81}"
EndProject
Global
	GlobalSection(SolutionConfigurationPlatforms) = preSolution
		Debug|Any CPU = Debug|Any CPU
		Release|Any CPU = Release|Any CPU
	EndGlobalSection
	GlobalSection(ProjectConfigurationPlatforms) = postSolution
		{43358883-E243-4C34-9C89-A488EB8A4CD3}.Debug|Any CPU.ActiveCfg = Debug|Any CPU
		{43358883-E243-4C34-9C89-A488EB8A4CD3}.Debug|Any CPU.Build.0 = Debug|Any CPU
		{43358883-E243-4C34-9C89-A488EB8A4CD3}.Release|Any CPU.ActiveCfg = Release|Any CPU
		{43358883-E243-4C34-9C89-A488EB8A4CD3}.Release|Any CPU.Build.0 = Release|Any CPU
		{70BB7D90-0BAF-448E-8C36-D57E24658E81}.Debug|Any CPU.ActiveCfg = Debug|Any CPU
		{70BB7D90-0BAF-448E-8C36-D57E24658E81}.Debug|Any CPU.Build.0 = Debug|Any CPU
		{70BB7D90-0BAF-448E-8C36-D57E24658E81}.Release|Any CPU.ActiveCfg = Release|Any CPU
		{70BB7D90-0BAF-448E-8C36-D57E24658E81}.Release|Any CPU.Build.0 = Release|Any CPU
	EndGlobalSection
	GlobalSection(SolutionProperties) = preSolution
		HideSolutionNode = FALSE
	EndGlobalSection
	GlobalSection(ExtensibilityGlobals) = postSolution
		SolutionGuid = {583444A7-4DE8-4BBD-B506-1C4C3D26F3A5}
	EndGlobalSection
EndGlobal
